
Microsoft Visual Studio Solution File, Format Version 12.00
# Visual Studio Version 17
VisualStudioVersion = 17.4.33205.214
MinimumVisualStudioVersion = 10.0.40219.1
Project("{9A19103F-16F7-4668-BE54-9A1E7A4F7556}") = "HostWpf", "HostWpf\HostWpf.csproj", "{A6328C42-623A-46BD-B67B-5AA0B9E7BB1A}"
EndProject
Project("{FAE04EC0-301F-11D3-BF4B-00C04F79EFBC}") = "WpfCustomControlLibrary", "WpfCustomControlLibrary\WpfCustomControlLibrary.csproj", "{66D9BED6-6EF4-46A5-B44F-AE942F0A0823}"
EndProject
Project("{FAE04EC0-301F-11D3-BF4B-00C04F79EFBC}") = "WpfControlWrapper", "WpfControlWrapper\WpfControlWrapper.csproj", "{5B6F85FF-4105-456D-B535-701AD88E02B5}"
EndProject
Global
	GlobalSection(SolutionConfigurationPlatforms) = preSolution
		Debug|Any CPU = Debug|Any CPU
		Release|Any CPU = Release|Any CPU
	EndGlobalSection
	GlobalSection(ProjectConfigurationPlatforms) = postSolution
		{A6328C42-623A-46BD-B67B-5AA0B9E7BB1A}.Debug|Any CPU.ActiveCfg = Debug|Any CPU
		{A6328C42-623A-46BD-B67B-5AA0B9E7BB1A}.Debug|Any CPU.Build.0 = Debug|Any CPU
		{A6328C42-623A-46BD-B67B-5AA0B9E7BB1A}.Release|Any CPU.ActiveCfg = Release|Any CPU
		{A6328C42-623A-46BD-B67B-5AA0B9E7BB1A}.Release|Any CPU.Build.0 = Release|Any CPU
		{66D9BED6-6EF4-46A5-B44F-AE942F0A0823}.Debug|Any CPU.ActiveCfg = Debug|Any CPU
		{66D9BED6-6EF4-46A5-B44F-AE942F0A0823}.Debug|Any CPU.Build.0 = Debug|Any CPU
		{66D9BED6-6EF4-46A5-B44F-AE942F0A0823}.Release|Any CPU.ActiveCfg = Release|Any CPU
		{66D9BED6-6EF4-46A5-B44F-AE942F0A0823}.Release|Any CPU.Build.0 = Release|Any CPU
		{5B6F85FF-4105-456D-B535-701AD88E02B5}.Debug|Any CPU.ActiveCfg = Debug|Any CPU
		{5B6F85FF-4105-456D-B535-701AD88E02B5}.Debug|Any CPU.Build.0 = Debug|Any CPU
		{5B6F85FF-4105-456D-B535-701AD88E02B5}.Release|Any CPU.ActiveCfg = Release|Any CPU
		{5B6F85FF-4105-456D-B535-701AD88E02B5}.Release|Any CPU.Build.0 = Release|Any CPU
	EndGlobalSection
	GlobalSection(SolutionProperties) = preSolution
		HideSolutionNode = FALSE
	EndGlobalSection
	GlobalSection(ExtensibilityGlobals) = postSolution
		SolutionGuid = {47C6DB91-D9B7-44C4-9962-AB3E0B6A8E9B}
	EndGlobalSection
EndGlobal
